// !$*UTF8*$!
{
	archiveVersion = 1;
	classes = {
	};
	objectVersion = 77;
	objects = {

/* Begin PBXBuildFile section */
		0F32739BDF5B24CD339E0EEE /* Pods_chatkuTests.framework in Frameworks */ = {isa = PBXBuildFile; fileRef = 5CDF94EF43483D9782A9483E /* Pods_chatkuTests.framework */; };
		869489D5F44E277C32E9D28E /* Pods_chatku_chatkuUITests.framework in Frameworks */ = {isa = PBXBuildFile; fileRef = 430BCC9DF9BC8AA4544B04A4 /* Pods_chatku_chatkuUITests.framework */; };
		DE7038B72CF1DDBC00313533 /* FirebaseAnalytics in Frameworks */ = {isa = PBXBuildFile; productRef = DE7038B62CF1DDBC00313533 /* FirebaseAnalytics */; };
		DED0C2462CF5C5C70023BB1C /* FirebaseFirestore in Frameworks */ = {isa = PBXBuildFile; productRef = DED0C2452CF5C5C70023BB1C /* FirebaseFirestore */; };
		DEF0D2D82CF48B41002FD631 /* FirebaseAuth in Frameworks */ = {isa = PBXBuildFile; productRef = DEF0D2D72CF48B41002FD631 /* FirebaseAuth */; };
		FE7B8D1F2BF6BA3240FA3E15 /* Pods_chatku.framework in Frameworks */ = {isa = PBXBuildFile; fileRef = 52B115052B0B28C05DC363E2 /* Pods_chatku.framework */; };
/* End PBXBuildFile section */

/* Begin PBXContainerItemProxy section */
		DE83A3392CF0DA9B00EB06FA /* PBXContainerItemProxy */ = {
			isa = PBXContainerItemProxy;
			containerPortal = DE83A31A2CF0DA9900EB06FA /* Project object */;
			proxyType = 1;
			remoteGlobalIDString = DE83A3212CF0DA9900EB06FA;
			remoteInfo = chatku;
		};
		DE83A3432CF0DA9B00EB06FA /* PBXContainerItemProxy */ = {
			isa = PBXContainerItemProxy;
			containerPortal = DE83A31A2CF0DA9900EB06FA /* Project object */;
			proxyType = 1;
			remoteGlobalIDString = DE83A3212CF0DA9900EB06FA;
			remoteInfo = chatku;
		};
/* End PBXContainerItemProxy section */

/* Begin PBXFileReference section */
		430BCC9DF9BC8AA4544B04A4 /* Pods_chatku_chatkuUITests.framework */ = {isa = PBXFileReference; explicitFileType = wrapper.framework; includeInIndex = 0; path = Pods_chatku_chatkuUITests.framework; sourceTree = BUILT_PRODUCTS_DIR; };
		52B115052B0B28C05DC363E2 /* Pods_chatku.framework */ = {isa = PBXFileReference; explicitFileType = wrapper.framework; includeInIndex = 0; path = Pods_chatku.framework; sourceTree = BUILT_PRODUCTS_DIR; };
		5CDF94EF43483D9782A9483E /* Pods_chatkuTests.framework */ = {isa = PBXFileReference; explicitFileType = wrapper.framework; includeInIndex = 0; path = Pods_chatkuTests.framework; sourceTree = BUILT_PRODUCTS_DIR; };
		62CF421A6B45B072BF5D1F3C /* Pods-chatku.release.xcconfig */ = {isa = PBXFileReference; includeInIndex = 1; lastKnownFileType = text.xcconfig; name = "Pods-chatku.release.xcconfig"; path = "Target Support Files/Pods-chatku/Pods-chatku.release.xcconfig"; sourceTree = "<group>"; };
		7019946473E748BB946908A5 /* Pods-chatkuTests.release.xcconfig */ = {isa = PBXFileReference; includeInIndex = 1; lastKnownFileType = text.xcconfig; name = "Pods-chatkuTests.release.xcconfig"; path = "Target Support Files/Pods-chatkuTests/Pods-chatkuTests.release.xcconfig"; sourceTree = "<group>"; };
		ACC3377D8558A85E8D703C83 /* Pods-chatkuTests.debug.xcconfig */ = {isa = PBXFileReference; includeInIndex = 1; lastKnownFileType = text.xcconfig; name = "Pods-chatkuTests.debug.xcconfig"; path = "Target Support Files/Pods-chatkuTests/Pods-chatkuTests.debug.xcconfig"; sourceTree = "<group>"; };
		B1AAA7DEA7F07DF61CB92502 /* Pods-chatku.debug.xcconfig */ = {isa = PBXFileReference; includeInIndex = 1; lastKnownFileType = text.xcconfig; name = "Pods-chatku.debug.xcconfig"; path = "Target Support Files/Pods-chatku/Pods-chatku.debug.xcconfig"; sourceTree = "<group>"; };
		C50D11080BB55B3E64074E57 /* Pods-chatku-chatkuUITests.release.xcconfig */ = {isa = PBXFileReference; includeInIndex = 1; lastKnownFileType = text.xcconfig; name = "Pods-chatku-chatkuUITests.release.xcconfig"; path = "Target Support Files/Pods-chatku-chatkuUITests/Pods-chatku-chatkuUITests.release.xcconfig"; sourceTree = "<group>"; };
		D086B48275A23E98D47567D6 /* Pods-chatku-chatkuUITests.debug.xcconfig */ = {isa = PBXFileReference; includeInIndex = 1; lastKnownFileType = text.xcconfig; name = "Pods-chatku-chatkuUITests.debug.xcconfig"; path = "Target Support Files/Pods-chatku-chatkuUITests/Pods-chatku-chatkuUITests.debug.xcconfig"; sourceTree = "<group>"; };
		DE83A3222CF0DA9900EB06FA /* chatku.app */ = {isa = PBXFileReference; explicitFileType = wrapper.application; includeInIndex = 0; path = chatku.app; sourceTree = BUILT_PRODUCTS_DIR; };
		DE83A3382CF0DA9B00EB06FA /* chatkuTests.xctest */ = {isa = PBXFileReference; explicitFileType = wrapper.cfbundle; includeInIndex = 0; path = chatkuTests.xctest; sourceTree = BUILT_PRODUCTS_DIR; };
		DE83A3422CF0DA9B00EB06FA /* chatkuUITests.xctest */ = {isa = PBXFileReference; explicitFileType = wrapper.cfbundle; includeInIndex = 0; path = chatkuUITests.xctest; sourceTree = BUILT_PRODUCTS_DIR; };
/* End PBXFileReference section */

/* Begin PBXFileSystemSynchronizedBuildFileExceptionSet section */
		DE83A34A2CF0DA9B00EB06FA /* Exceptions for "chatku" folder in "chatku" target */ = {
			isa = PBXFileSystemSynchronizedBuildFileExceptionSet;
			membershipExceptions = (
				Info.plist,
			);
			target = DE83A3212CF0DA9900EB06FA /* chatku */;
		};
/* End PBXFileSystemSynchronizedBuildFileExceptionSet section */

/* Begin PBXFileSystemSynchronizedRootGroup section */
		DE83A3242CF0DA9900EB06FA /* chatku */ = {
			isa = PBXFileSystemSynchronizedRootGroup;
			exceptions = (
				DE83A34A2CF0DA9B00EB06FA /* Exceptions for "chatku" folder in "chatku" target */,
			);
			path = chatku;
			sourceTree = "<group>";
		};
		DE83A33B2CF0DA9B00EB06FA /* chatkuTests */ = {
			isa = PBXFileSystemSynchronizedRootGroup;
			path = chatkuTests;
			sourceTree = "<group>";
		};
		DE83A3452CF0DA9B00EB06FA /* chatkuUITests */ = {
			isa = PBXFileSystemSynchronizedRootGroup;
			path = chatkuUITests;
			sourceTree = "<group>";
		};
/* End PBXFileSystemSynchronizedRootGroup section */

/* Begin PBXFrameworksBuildPhase section */
		DE83A31F2CF0DA9900EB06FA /* Frameworks */ = {
			isa = PBXFrameworksBuildPhase;
			buildActionMask = 2147483647;
			files = (
				DE7038B72CF1DDBC00313533 /* FirebaseAnalytics in Frameworks */,
				DEF0D2D82CF48B41002FD631 /* FirebaseAuth in Frameworks */,
				DED0C2462CF5C5C70023BB1C /* FirebaseFirestore in Frameworks */,
				FE7B8D1F2BF6BA3240FA3E15 /* Pods_chatku.framework in Frameworks */,
			);
			runOnlyForDeploymentPostprocessing = 0;
		};
		DE83A3352CF0DA9B00EB06FA /* Frameworks */ = {
			isa = PBXFrameworksBuildPhase;
			buildActionMask = 2147483647;
			files = (
				0F32739BDF5B24CD339E0EEE /* Pods_chatkuTests.framework in Frameworks */,
			);
			runOnlyForDeploymentPostprocessing = 0;
		};
		DE83A33F2CF0DA9B00EB06FA /* Frameworks */ = {
			isa = PBXFrameworksBuildPhase;
			buildActionMask = 2147483647;
			files = (
				869489D5F44E277C32E9D28E /* Pods_chatku_chatkuUITests.framework in Frameworks */,
			);
			runOnlyForDeploymentPostprocessing = 0;
		};
/* End PBXFrameworksBuildPhase section */

/* Begin PBXGroup section */
		0C2315B4A8E85DC87D67BDE0 /* Pods */ = {
			isa = PBXGroup;
			children = (
				B1AAA7DEA7F07DF61CB92502 /* Pods-chatku.debug.xcconfig */,
				62CF421A6B45B072BF5D1F3C /* Pods-chatku.release.xcconfig */,
				D086B48275A23E98D47567D6 /* Pods-chatku-chatkuUITests.debug.xcconfig */,
				C50D11080BB55B3E64074E57 /* Pods-chatku-chatkuUITests.release.xcconfig */,
				ACC3377D8558A85E8D703C83 /* Pods-chatkuTests.debug.xcconfig */,
				7019946473E748BB946908A5 /* Pods-chatkuTests.release.xcconfig */,
			);
			path = Pods;
			sourceTree = "<group>";
		};
		DE83A3192CF0DA9900EB06FA = {
			isa = PBXGroup;
			children = (
				DE83A3242CF0DA9900EB06FA /* chatku */,
				DE83A33B2CF0DA9B00EB06FA /* chatkuTests */,
				DE83A3452CF0DA9B00EB06FA /* chatkuUITests */,
				DE83A3232CF0DA9900EB06FA /* Products */,
				0C2315B4A8E85DC87D67BDE0 /* Pods */,
				F0D0DC7B072F292B24943BC4 /* Frameworks */,
			);
			sourceTree = "<group>";
		};
		DE83A3232CF0DA9900EB06FA /* Products */ = {
			isa = PBXGroup;
			children = (
				DE83A3222CF0DA9900EB06FA /* chatku.app */,
				DE83A3382CF0DA9B00EB06FA /* chatkuTests.xctest */,
				DE83A3422CF0DA9B00EB06FA /* chatkuUITests.xctest */,
			);
			name = Products;
			sourceTree = "<group>";
		};
		F0D0DC7B072F292B24943BC4 /* Frameworks */ = {
			isa = PBXGroup;
			children = (
				52B115052B0B28C05DC363E2 /* Pods_chatku.framework */,
				430BCC9DF9BC8AA4544B04A4 /* Pods_chatku_chatkuUITests.framework */,
				5CDF94EF43483D9782A9483E /* Pods_chatkuTests.framework */,
			);
			name = Frameworks;
			sourceTree = "<group>";
		};
/* End PBXGroup section */

/* Begin PBXNativeTarget section */
		DE83A3212CF0DA9900EB06FA /* chatku */ = {
			isa = PBXNativeTarget;
			buildConfigurationList = DE83A34B2CF0DA9B00EB06FA /* Build configuration list for PBXNativeTarget "chatku" */;
			buildPhases = (
				480C4287EF8D552EF4EE1E9A /* [CP] Check Pods Manifest.lock */,
				DE83A31E2CF0DA9900EB06FA /* Sources */,
				DE83A31F2CF0DA9900EB06FA /* Frameworks */,
				DE83A3202CF0DA9900EB06FA /* Resources */,
				02CC5AED42C0F607067E9FA7 /* [CP] Embed Pods Frameworks */,
			);
			buildRules = (
			);
			dependencies = (
			);
			fileSystemSynchronizedGroups = (
				DE83A3242CF0DA9900EB06FA /* chatku */,
			);
			name = chatku;
			packageProductDependencies = (
				DE7038B62CF1DDBC00313533 /* FirebaseAnalytics */,
				DEF0D2D72CF48B41002FD631 /* FirebaseAuth */,
				DED0C2452CF5C5C70023BB1C /* FirebaseFirestore */,
			);
			productName = chatku;
			productReference = DE83A3222CF0DA9900EB06FA /* chatku.app */;
			productType = "com.apple.product-type.application";
		};
		DE83A3372CF0DA9B00EB06FA /* chatkuTests */ = {
			isa = PBXNativeTarget;
			buildConfigurationList = DE83A3502CF0DA9B00EB06FA /* Build configuration list for PBXNativeTarget "chatkuTests" */;
			buildPhases = (
				FE0F4F219C4BE3E5103F6D50 /* [CP] Check Pods Manifest.lock */,
				DE83A3342CF0DA9B00EB06FA /* Sources */,
				DE83A3352CF0DA9B00EB06FA /* Frameworks */,
				DE83A3362CF0DA9B00EB06FA /* Resources */,
			);
			buildRules = (
			);
			dependencies = (
				DE83A33A2CF0DA9B00EB06FA /* PBXTargetDependency */,
			);
			fileSystemSynchronizedGroups = (
				DE83A33B2CF0DA9B00EB06FA /* chatkuTests */,
			);
			name = chatkuTests;
			productName = chatkuTests;
			productReference = DE83A3382CF0DA9B00EB06FA /* chatkuTests.xctest */;
			productType = "com.apple.product-type.bundle.unit-test";
		};
		DE83A3412CF0DA9B00EB06FA /* chatkuUITests */ = {
			isa = PBXNativeTarget;
			buildConfigurationList = DE83A3532CF0DA9B00EB06FA /* Build configuration list for PBXNativeTarget "chatkuUITests" */;
			buildPhases = (
				82E99B60C8E014D162FDB599 /* [CP] Check Pods Manifest.lock */,
				DE83A33E2CF0DA9B00EB06FA /* Sources */,
				DE83A33F2CF0DA9B00EB06FA /* Frameworks */,
				DE83A3402CF0DA9B00EB06FA /* Resources */,
				69464A319B9CFC750EA92804 /* [CP] Embed Pods Frameworks */,
			);
			buildRules = (
			);
			dependencies = (
				DE83A3442CF0DA9B00EB06FA /* PBXTargetDependency */,
			);
			fileSystemSynchronizedGroups = (
				DE83A3452CF0DA9B00EB06FA /* chatkuUITests */,
			);
			name = chatkuUITests;
			productName = chatkuUITests;
			productReference = DE83A3422CF0DA9B00EB06FA /* chatkuUITests.xctest */;
			productType = "com.apple.product-type.bundle.ui-testing";
		};
/* End PBXNativeTarget section */

/* Begin PBXProject section */
		DE83A31A2CF0DA9900EB06FA /* Project object */ = {
			isa = PBXProject;
			attributes = {
				BuildIndependentTargetsInParallel = 1;
				LastSwiftUpdateCheck = 1600;
				LastUpgradeCheck = 1600;
				TargetAttributes = {
					DE83A3212CF0DA9900EB06FA = {
						CreatedOnToolsVersion = 16.0;
					};
					DE83A3372CF0DA9B00EB06FA = {
						CreatedOnToolsVersion = 16.0;
						TestTargetID = DE83A3212CF0DA9900EB06FA;
					};
					DE83A3412CF0DA9B00EB06FA = {
						CreatedOnToolsVersion = 16.0;
						TestTargetID = DE83A3212CF0DA9900EB06FA;
					};
				};
			};
			buildConfigurationList = DE83A31D2CF0DA9900EB06FA /* Build configuration list for PBXProject "chatku" */;
			developmentRegion = en;
			hasScannedForEncodings = 0;
			knownRegions = (
				en,
				Base,
			);
			mainGroup = DE83A3192CF0DA9900EB06FA;
			minimizedProjectReferenceProxies = 1;
			packageReferences = (
				DE7038B52CF1DDBC00313533 /* XCRemoteSwiftPackageReference "firebase-ios-sdk" */,
			);
			preferredProjectObjectVersion = 77;
			productRefGroup = DE83A3232CF0DA9900EB06FA /* Products */;
			projectDirPath = "";
			projectRoot = "";
			targets = (
				DE83A3212CF0DA9900EB06FA /* chatku */,
				DE83A3372CF0DA9B00EB06FA /* chatkuTests */,
				DE83A3412CF0DA9B00EB06FA /* chatkuUITests */,
			);
		};
/* End PBXProject section */

/* Begin PBXResourcesBuildPhase section */
		DE83A3202CF0DA9900EB06FA /* Resources */ = {
			isa = PBXResourcesBuildPhase;
			buildActionMask = 2147483647;
			files = (
			);
			runOnlyForDeploymentPostprocessing = 0;
		};
		DE83A3362CF0DA9B00EB06FA /* Resources */ = {
			isa = PBXResourcesBuildPhase;
			buildActionMask = 2147483647;
			files = (
			);
			runOnlyForDeploymentPostprocessing = 0;
		};
		DE83A3402CF0DA9B00EB06FA /* Resources */ = {
			isa = PBXResourcesBuildPhase;
			buildActionMask = 2147483647;
			files = (
			);
			runOnlyForDeploymentPostprocessing = 0;
		};
/* End PBXResourcesBuildPhase section */

/* Begin PBXShellScriptBuildPhase section */
		02CC5AED42C0F607067E9FA7 /* [CP] Embed Pods Frameworks */ = {
			isa = PBXShellScriptBuildPhase;
			buildActionMask = 2147483647;
			files = (
			);
			inputFileListPaths = (
				"${PODS_ROOT}/Target Support Files/Pods-chatku/Pods-chatku-frameworks-${CONFIGURATION}-input-files.xcfilelist",
			);
			name = "[CP] Embed Pods Frameworks";
			outputFileListPaths = (
				"${PODS_ROOT}/Target Support Files/Pods-chatku/Pods-chatku-frameworks-${CONFIGURATION}-output-files.xcfilelist",
			);
			runOnlyForDeploymentPostprocessing = 0;
			shellPath = /bin/sh;
			shellScript = "\"${PODS_ROOT}/Target Support Files/Pods-chatku/Pods-chatku-frameworks.sh\"\n";
			showEnvVarsInLog = 0;
		};
		480C4287EF8D552EF4EE1E9A /* [CP] Check Pods Manifest.lock */ = {
			isa = PBXShellScriptBuildPhase;
			buildActionMask = 2147483647;
			files = (
			);
			inputFileListPaths = (
			);
			inputPaths = (
				"${PODS_PODFILE_DIR_PATH}/Podfile.lock",
				"${PODS_ROOT}/Manifest.lock",
			);
			name = "[CP] Check Pods Manifest.lock";
			outputFileListPaths = (
			);
			outputPaths = (
				"$(DERIVED_FILE_DIR)/Pods-chatku-checkManifestLockResult.txt",
			);
			runOnlyForDeploymentPostprocessing = 0;
			shellPath = /bin/sh;
			shellScript = "diff \"${PODS_PODFILE_DIR_PATH}/Podfile.lock\" \"${PODS_ROOT}/Manifest.lock\" > /dev/null\nif [ $? != 0 ] ; then\n    # print error to STDERR\n    echo \"error: The sandbox is not in sync with the Podfile.lock. Run 'pod install' or update your CocoaPods installation.\" >&2\n    exit 1\nfi\n# This output is used by Xcode 'outputs' to avoid re-running this script phase.\necho \"SUCCESS\" > \"${SCRIPT_OUTPUT_FILE_0}\"\n";
			showEnvVarsInLog = 0;
		};
		69464A319B9CFC750EA92804 /* [CP] Embed Pods Frameworks */ = {
			isa = PBXShellScriptBuildPhase;
			buildActionMask = 2147483647;
			files = (
			);
			inputFileListPaths = (
				"${PODS_ROOT}/Target Support Files/Pods-chatku-chatkuUITests/Pods-chatku-chatkuUITests-frameworks-${CONFIGURATION}-input-files.xcfilelist",
			);
			name = "[CP] Embed Pods Frameworks";
			outputFileListPaths = (
				"${PODS_ROOT}/Target Support Files/Pods-chatku-chatkuUITests/Pods-chatku-chatkuUITests-frameworks-${CONFIGURATION}-output-files.xcfilelist",
			);
			runOnlyForDeploymentPostprocessing = 0;
			shellPath = /bin/sh;
			shellScript = "\"${PODS_ROOT}/Target Support Files/Pods-chatku-chatkuUITests/Pods-chatku-chatkuUITests-frameworks.sh\"\n";
			showEnvVarsInLog = 0;
		};
		82E99B60C8E014D162FDB599 /* [CP] Check Pods Manifest.lock */ = {
			isa = PBXShellScriptBuildPhase;
			buildActionMask = 2147483647;
			files = (
			);
			inputFileListPaths = (
			);
			inputPaths = (
				"${PODS_PODFILE_DIR_PATH}/Podfile.lock",
				"${PODS_ROOT}/Manifest.lock",
			);
			name = "[CP] Check Pods Manifest.lock";
			outputFileListPaths = (
			);
			outputPaths = (
				"$(DERIVED_FILE_DIR)/Pods-chatku-chatkuUITests-checkManifestLockResult.txt",
			);
			runOnlyForDeploymentPostprocessing = 0;
			shellPath = /bin/sh;
			shellScript = "diff \"${PODS_PODFILE_DIR_PATH}/Podfile.lock\" \"${PODS_ROOT}/Manifest.lock\" > /dev/null\nif [ $? != 0 ] ; then\n    # print error to STDERR\n    echo \"error: The sandbox is not in sync with the Podfile.lock. Run 'pod install' or update your CocoaPods installation.\" >&2\n    exit 1\nfi\n# This output is used by Xcode 'outputs' to avoid re-running this script phase.\necho \"SUCCESS\" > \"${SCRIPT_OUTPUT_FILE_0}\"\n";
			showEnvVarsInLog = 0;
		};
		FE0F4F219C4BE3E5103F6D50 /* [CP] Check Pods Manifest.lock */ = {
			isa = PBXShellScriptBuildPhase;
			buildActionMask = 2147483647;
			files = (
			);
			inputFileListPaths = (
			);
			inputPaths = (
				"${PODS_PODFILE_DIR_PATH}/Podfile.lock",
				"${PODS_ROOT}/Manifest.lock",
			);
			name = "[CP] Check Pods Manifest.lock";
			outputFileListPaths = (
			);
			outputPaths = (
				"$(DERIVED_FILE_DIR)/Pods-chatkuTests-checkManifestLockResult.txt",
			);
			runOnlyForDeploymentPostprocessing = 0;
			shellPath = /bin/sh;
			shellScript = "diff \"${PODS_PODFILE_DIR_PATH}/Podfile.lock\" \"${PODS_ROOT}/Manifest.lock\" > /dev/null\nif [ $? != 0 ] ; then\n    # print error to STDERR\n    echo \"error: The sandbox is not in sync with the Podfile.lock. Run 'pod install' or update your CocoaPods installation.\" >&2\n    exit 1\nfi\n# This output is used by Xcode 'outputs' to avoid re-running this script phase.\necho \"SUCCESS\" > \"${SCRIPT_OUTPUT_FILE_0}\"\n";
			showEnvVarsInLog = 0;
		};
/* End PBXShellScriptBuildPhase section */

/* Begin PBXSourcesBuildPhase section */
		DE83A31E2CF0DA9900EB06FA /* Sources */ = {
			isa = PBXSourcesBuildPhase;
			buildActionMask = 2147483647;
			files = (
			);
			runOnlyForDeploymentPostprocessing = 0;
		};
		DE83A3342CF0DA9B00EB06FA /* Sources */ = {
			isa = PBXSourcesBuildPhase;
			buildActionMask = 2147483647;
			files = (
			);
			runOnlyForDeploymentPostprocessing = 0;
		};
		DE83A33E2CF0DA9B00EB06FA /* Sources */ = {
			isa = PBXSourcesBuildPhase;
			buildActionMask = 2147483647;
			files = (
			);
			runOnlyForDeploymentPostprocessing = 0;
		};
/* End PBXSourcesBuildPhase section */

/* Begin PBXTargetDependency section */
		DE83A33A2CF0DA9B00EB06FA /* PBXTargetDependency */ = {
			isa = PBXTargetDependency;
			target = DE83A3212CF0DA9900EB06FA /* chatku */;
			targetProxy = DE83A3392CF0DA9B00EB06FA /* PBXContainerItemProxy */;
		};
		DE83A3442CF0DA9B00EB06FA /* PBXTargetDependency */ = {
			isa = PBXTargetDependency;
			target = DE83A3212CF0DA9900EB06FA /* chatku */;
			targetProxy = DE83A3432CF0DA9B00EB06FA /* PBXContainerItemProxy */;
		};
/* End PBXTargetDependency section */

/* Begin XCBuildConfiguration section */
		DE83A34C2CF0DA9B00EB06FA /* Debug */ = {
			isa = XCBuildConfiguration;
			baseConfigurationReference = B1AAA7DEA7F07DF61CB92502 /* Pods-chatku.debug.xcconfig */;
			buildSettings = {
				ASSETCATALOG_COMPILER_APPICON_NAME = AppIcon;
				ASSETCATALOG_COMPILER_GLOBAL_ACCENT_COLOR_NAME = AccentColor;
				CODE_SIGN_STYLE = Automatic;
				CURRENT_PROJECT_VERSION = 1;
				DEVELOPMENT_TEAM = 6L2K48U86U;
				GENERATE_INFOPLIST_FILE = YES;
				INFOPLIST_FILE = chatku/Info.plist;
				INFOPLIST_KEY_UIApplicationSupportsIndirectInputEvents = YES;
				INFOPLIST_KEY_UILaunchStoryboardName = LaunchScreen;
				INFOPLIST_KEY_UIMainStoryboardFile = Main;
				INFOPLIST_KEY_UISupportedInterfaceOrientations_iPad = "UIInterfaceOrientationPortrait UIInterfaceOrientationPortraitUpsideDown UIInterfaceOrientationLandscapeLeft UIInterfaceOrientationLandscapeRight";
				INFOPLIST_KEY_UISupportedInterfaceOrientations_iPhone = "UIInterfaceOrientationPortrait UIInterfaceOrientationLandscapeLeft UIInterfaceOrientationLandscapeRight";
				LD_RUNPATH_SEARCH_PATHS = (
					"$(inherited)",
					"@executable_path/Frameworks",
				);
				MARKETING_VERSION = 1.0;
				PRODUCT_BUNDLE_IDENTIFIER = com.anangkur.chatku;
				PRODUCT_NAME = "$(TARGET_NAME)";
				SWIFT_EMIT_LOC_STRINGS = YES;
				SWIFT_VERSION = 5.0;
				TARGETED_DEVICE_FAMILY = "1,2";
			};
			name = Debug;
		};
		DE83A34D2CF0DA9B00EB06FA /* Release */ = {
			isa = XCBuildConfiguration;
			baseConfigurationReference = 62CF421A6B45B072BF5D1F3C /* Pods-chatku.release.xcconfig */;
			buildSettings = {
				ASSETCATALOG_COMPILER_APPICON_NAME = AppIcon;
				ASSETCATALOG_COMPILER_GLOBAL_ACCENT_COLOR_NAME = AccentColor;
				CODE_SIGN_STYLE = Automatic;
				CURRENT_PROJECT_VERSION = 1;
				DEVELOPMENT_TEAM = 6L2K48U86U;
				GENERATE_INFOPLIST_FILE = YES;
				INFOPLIST_FILE = chatku/Info.plist;
				INFOPLIST_KEY_UIApplicationSupportsIndirectInputEvents = YES;
				INFOPLIST_KEY_UILaunchStoryboardName = LaunchScreen;
				INFOPLIST_KEY_UIMainStoryboardFile = Main;
				INFOPLIST_KEY_UISupportedInterfaceOrientations_iPad = "UIInterfaceOrientationPortrait UIInterfaceOrientationPortraitUpsideDown UIInterfaceOrientationLandscapeLeft UIInterfaceOrientationLandscapeRight";
				INFOPLIST_KEY_UISupportedInterfaceOrientations_iPhone = "UIInterfaceOrientationPortrait UIInterfaceOrientationLandscapeLeft UIInterfaceOrientationLandscapeRight";
				LD_RUNPATH_SEARCH_PATHS = (
					"$(inherited)",
					"@executable_path/Frameworks",
				);
				MARKETING_VERSION = 1.0;
				PRODUCT_BUNDLE_IDENTIFIER = com.anangkur.chatku;
				PRODUCT_NAME = "$(TARGET_NAME)";
				SWIFT_EMIT_LOC_STRINGS = YES;
				SWIFT_VERSION = 5.0;
				TARGETED_DEVICE_FAMILY = "1,2";
			};
			name = Release;
		};
		DE83A34E2CF0DA9B00EB06FA /* Debug */ = {
			isa = XCBuildConfiguration;
			buildSettings = {
				ALWAYS_SEARCH_USER_PATHS = NO;
				ASSETCATALOG_COMPILER_GENERATE_SWIFT_ASSET_SYMBOL_EXTENSIONS = YES;
				CLANG_ANALYZER_NONNULL = YES;
				CLANG_ANALYZER_NUMBER_OBJECT_CONVERSION = YES_AGGRESSIVE;
				CLANG_CXX_LANGUAGE_STANDARD = "gnu++20";
				CLANG_ENABLE_MODULES = YES;
				CLANG_ENABLE_OBJC_ARC = YES;
				CLANG_ENABLE_OBJC_WEAK = YES;
				CLANG_WARN_BLOCK_CAPTURE_AUTORELEASING = YES;
				CLANG_WARN_BOOL_CONVERSION = YES;
				CLANG_WARN_COMMA = YES;
				CLANG_WARN_CONSTANT_CONVERSION = YES;
				CLANG_WARN_DEPRECATED_OBJC_IMPLEMENTATIONS = YES;
				CLANG_WARN_DIRECT_OBJC_ISA_USAGE = YES_ERROR;
				CLANG_WARN_DOCUMENTATION_COMMENTS = YES;
				CLANG_WARN_EMPTY_BODY = YES;
				CLANG_WARN_ENUM_CONVERSION = YES;
				CLANG_WARN_INFINITE_RECURSION = YES;
				CLANG_WARN_INT_CONVERSION = YES;
				CLANG_WARN_NON_LITERAL_NULL_CONVERSION = YES;
				CLANG_WARN_OBJC_IMPLICIT_RETAIN_SELF = YES;
				CLANG_WARN_OBJC_LITERAL_CONVERSION = YES;
				CLANG_WARN_OBJC_ROOT_CLASS = YES_ERROR;
				CLANG_WARN_QUOTED_INCLUDE_IN_FRAMEWORK_HEADER = YES;
				CLANG_WARN_RANGE_LOOP_ANALYSIS = YES;
				CLANG_WARN_STRICT_PROTOTYPES = YES;
				CLANG_WARN_SUSPICIOUS_MOVE = YES;
				CLANG_WARN_UNGUARDED_AVAILABILITY = YES_AGGRESSIVE;
				CLANG_WARN_UNREACHABLE_CODE = YES;
				CLANG_WARN__DUPLICATE_METHOD_MATCH = YES;
				COPY_PHASE_STRIP = NO;
				DEBUG_INFORMATION_FORMAT = dwarf;
				ENABLE_STRICT_OBJC_MSGSEND = YES;
				ENABLE_TESTABILITY = YES;
				ENABLE_USER_SCRIPT_SANDBOXING = NO;
				GCC_C_LANGUAGE_STANDARD = gnu17;
				GCC_DYNAMIC_NO_PIC = NO;
				GCC_NO_COMMON_BLOCKS = YES;
				GCC_OPTIMIZATION_LEVEL = 0;
				GCC_PREPROCESSOR_DEFINITIONS = (
					"DEBUG=1",
					"$(inherited)",
				);
				GCC_WARN_64_TO_32_BIT_CONVERSION = YES;
				GCC_WARN_ABOUT_RETURN_TYPE = YES_ERROR;
				GCC_WARN_UNDECLARED_SELECTOR = YES;
				GCC_WARN_UNINITIALIZED_AUTOS = YES_AGGRESSIVE;
				GCC_WARN_UNUSED_FUNCTION = YES;
				GCC_WARN_UNUSED_VARIABLE = YES;
				IPHONEOS_DEPLOYMENT_TARGET = 18.0;
				LOCALIZATION_PREFERS_STRING_CATALOGS = YES;
				MTL_ENABLE_DEBUG_INFO = INCLUDE_SOURCE;
				MTL_FAST_MATH = YES;
				ONLY_ACTIVE_ARCH = YES;
				SDKROOT = iphoneos;
				SWIFT_ACTIVE_COMPILATION_CONDITIONS = "DEBUG $(inherited)";
				SWIFT_OPTIMIZATION_LEVEL = "-Onone";
			};
			name = Debug;
		};
		DE83A34F2CF0DA9B00EB06FA /* Release */ = {
			isa = XCBuildConfiguration;
			buildSettings = {
				ALWAYS_SEARCH_USER_PATHS = NO;
				ASSETCATALOG_COMPILER_GENERATE_SWIFT_ASSET_SYMBOL_EXTENSIONS = YES;
				CLANG_ANALYZER_NONNULL = YES;
				CLANG_ANALYZER_NUMBER_OBJECT_CONVERSION = YES_AGGRESSIVE;
				CLANG_CXX_LANGUAGE_STANDARD = "gnu++20";
				CLANG_ENABLE_MODULES = YES;
				CLANG_ENABLE_OBJC_ARC = YES;
				CLANG_ENABLE_OBJC_WEAK = YES;
				CLANG_WARN_BLOCK_CAPTURE_AUTORELEASING = YES;
				CLANG_WARN_BOOL_CONVERSION = YES;
				CLANG_WARN_COMMA = YES;
				CLANG_WARN_CONSTANT_CONVERSION = YES;
				CLANG_WARN_DEPRECATED_OBJC_IMPLEMENTATIONS = YES;
				CLANG_WARN_DIRECT_OBJC_ISA_USAGE = YES_ERROR;
				CLANG_WARN_DOCUMENTATION_COMMENTS = YES;
				CLANG_WARN_EMPTY_BODY = YES;
				CLANG_WARN_ENUM_CONVERSION = YES;
				CLANG_WARN_INFINITE_RECURSION = YES;
				CLANG_WARN_INT_CONVERSION = YES;
				CLANG_WARN_NON_LITERAL_NULL_CONVERSION = YES;
				CLANG_WARN_OBJC_IMPLICIT_RETAIN_SELF = YES;
				CLANG_WARN_OBJC_LITERAL_CONVERSION = YES;
				CLANG_WARN_OBJC_ROOT_CLASS = YES_ERROR;
				CLANG_WARN_QUOTED_INCLUDE_IN_FRAMEWORK_HEADER = YES;
				CLANG_WARN_RANGE_LOOP_ANALYSIS = YES;
				CLANG_WARN_STRICT_PROTOTYPES = YES;
				CLANG_WARN_SUSPICIOUS_MOVE = YES;
				CLANG_WARN_UNGUARDED_AVAILABILITY = YES_AGGRESSIVE;
				CLANG_WARN_UNREACHABLE_CODE = YES;
				CLANG_WARN__DUPLICATE_METHOD_MATCH = YES;
				COPY_PHASE_STRIP = NO;
				DEBUG_INFORMATION_FORMAT = "dwarf-with-dsym";
				ENABLE_NS_ASSERTIONS = NO;
				ENABLE_STRICT_OBJC_MSGSEND = YES;
				ENABLE_USER_SCRIPT_SANDBOXING = NO;
				GCC_C_LANGUAGE_STANDARD = gnu17;
				GCC_NO_COMMON_BLOCKS = YES;
				GCC_WARN_64_TO_32_BIT_CONVERSION = YES;
				GCC_WARN_ABOUT_RETURN_TYPE = YES_ERROR;
				GCC_WARN_UNDECLARED_SELECTOR = YES;
				GCC_WARN_UNINITIALIZED_AUTOS = YES_AGGRESSIVE;
				GCC_WARN_UNUSED_FUNCTION = YES;
				GCC_WARN_UNUSED_VARIABLE = YES;
				IPHONEOS_DEPLOYMENT_TARGET = 18.0;
				LOCALIZATION_PREFERS_STRING_CATALOGS = YES;
				MTL_ENABLE_DEBUG_INFO = NO;
				MTL_FAST_MATH = YES;
				SDKROOT = iphoneos;
				SWIFT_COMPILATION_MODE = wholemodule;
				VALIDATE_PRODUCT = YES;
			};
			name = Release;
		};
		DE83A3512CF0DA9B00EB06FA /* Debug */ = {
			isa = XCBuildConfiguration;
			baseConfigurationReference = ACC3377D8558A85E8D703C83 /* Pods-chatkuTests.debug.xcconfig */;
			buildSettings = {
				BUNDLE_LOADER = "$(TEST_HOST)";
				CODE_SIGN_STYLE = Automatic;
				CURRENT_PROJECT_VERSION = 1;
				DEVELOPMENT_TEAM = 6L2K48U86U;
				GENERATE_INFOPLIST_FILE = YES;
				IPHONEOS_DEPLOYMENT_TARGET = 18.0;
				MARKETING_VERSION = 1.0;
				PRODUCT_BUNDLE_IDENTIFIER = com.anangkur.chatkuTests;
				PRODUCT_NAME = "$(TARGET_NAME)";
				SWIFT_EMIT_LOC_STRINGS = NO;
				SWIFT_VERSION = 5.0;
				TARGETED_DEVICE_FAMILY = "1,2";
				TEST_HOST = "$(BUILT_PRODUCTS_DIR)/chatku.app/$(BUNDLE_EXECUTABLE_FOLDER_PATH)/chatku";
			};
			name = Debug;
		};
		DE83A3522CF0DA9B00EB06FA /* Release */ = {
			isa = XCBuildConfiguration;
			baseConfigurationReference = 7019946473E748BB946908A5 /* Pods-chatkuTests.release.xcconfig */;
			buildSettings = {
				BUNDLE_LOADER = "$(TEST_HOST)";
				CODE_SIGN_STYLE = Automatic;
				CURRENT_PROJECT_VERSION = 1;
				DEVELOPMENT_TEAM = 6L2K48U86U;
				GENERATE_INFOPLIST_FILE = YES;
				IPHONEOS_DEPLOYMENT_TARGET = 18.0;
				MARKETING_VERSION = 1.0;
				PRODUCT_BUNDLE_IDENTIFIER = com.anangkur.chatkuTests;
				PRODUCT_NAME = "$(TARGET_NAME)";
				SWIFT_EMIT_LOC_STRINGS = NO;
				SWIFT_VERSION = 5.0;
				TARGETED_DEVICE_FAMILY = "1,2";
				TEST_HOST = "$(BUILT_PRODUCTS_DIR)/chatku.app/$(BUNDLE_EXECUTABLE_FOLDER_PATH)/chatku";
			};
			name = Release;
		};
		DE83A3542CF0DA9B00EB06FA /* Debug */ = {
			isa = XCBuildConfiguration;
			baseConfigurationReference = D086B48275A23E98D47567D6 /* Pods-chatku-chatkuUITests.debug.xcconfig */;
			buildSettings = {
				CODE_SIGN_STYLE = Automatic;
				CURRENT_PROJECT_VERSION = 1;
				DEVELOPMENT_TEAM = 6L2K48U86U;
				GENERATE_INFOPLIST_FILE = YES;
				MARKETING_VERSION = 1.0;
				PRODUCT_BUNDLE_IDENTIFIER = com.anangkur.chatkuUITests;
				PRODUCT_NAME = "$(TARGET_NAME)";
				SWIFT_EMIT_LOC_STRINGS = NO;
				SWIFT_VERSION = 5.0;
				TARGETED_DEVICE_FAMILY = "1,2";
				TEST_TARGET_NAME = chatku;
			};
			name = Debug;
		};
		DE83A3552CF0DA9B00EB06FA /* Release */ = {
			isa = XCBuildConfiguration;
			baseConfigurationReference = C50D11080BB55B3E64074E57 /* Pods-chatku-chatkuUITests.release.xcconfig */;
			buildSettings = {
				CODE_SIGN_STYLE = Automatic;
				CURRENT_PROJECT_VERSION = 1;
				DEVELOPMENT_TEAM = 6L2K48U86U;
				GENERATE_INFOPLIST_FILE = YES;
				MARKETING_VERSION = 1.0;
				PRODUCT_BUNDLE_IDENTIFIER = com.anangkur.chatkuUITests;
				PRODUCT_NAME = "$(TARGET_NAME)";
				SWIFT_EMIT_LOC_STRINGS = NO;
				SWIFT_VERSION = 5.0;
				TARGETED_DEVICE_FAMILY = "1,2";
				TEST_TARGET_NAME = chatku;
			};
			name = Release;
		};
/* End XCBuildConfiguration section */

/* Begin XCConfigurationList section */
		DE83A31D2CF0DA9900EB06FA /* Build configuration list for PBXProject "chatku" */ = {
			isa = XCConfigurationList;
			buildConfigurations = (
				DE83A34E2CF0DA9B00EB06FA /* Debug */,
				DE83A34F2CF0DA9B00EB06FA /* Release */,
			);
			defaultConfigurationIsVisible = 0;
			defaultConfigurationName = Release;
		};
		DE83A34B2CF0DA9B00EB06FA /* Build configuration list for PBXNativeTarget "chatku" */ = {
			isa = XCConfigurationList;
			buildConfigurations = (
				DE83A34C2CF0DA9B00EB06FA /* Debug */,
				DE83A34D2CF0DA9B00EB06FA /* Release */,
			);
			defaultConfigurationIsVisible = 0;
			defaultConfigurationName = Release;
		};
		DE83A3502CF0DA9B00EB06FA /* Build configuration list for PBXNativeTarget "chatkuTests" */ = {
			isa = XCConfigurationList;
			buildConfigurations = (
				DE83A3512CF0DA9B00EB06FA /* Debug */,
				DE83A3522CF0DA9B00EB06FA /* Release */,
			);
			defaultConfigurationIsVisible = 0;
			defaultConfigurationName = Release;
		};
		DE83A3532CF0DA9B00EB06FA /* Build configuration list for PBXNativeTarget "chatkuUITests" */ = {
			isa = XCConfigurationList;
			buildConfigurations = (
				DE83A3542CF0DA9B00EB06FA /* Debug */,
				DE83A3552CF0DA9B00EB06FA /* Release */,
			);
			defaultConfigurationIsVisible = 0;
			defaultConfigurationName = Release;
		};
/* End XCConfigurationList section */

/* Begin XCRemoteSwiftPackageReference section */
		DE7038B52CF1DDBC00313533 /* XCRemoteSwiftPackageReference "firebase-ios-sdk" */ = {
			isa = XCRemoteSwiftPackageReference;
			repositoryURL = "https://github.com/firebase/firebase-ios-sdk";
			requirement = {
				kind = upToNextMajorVersion;
				minimumVersion = 11.5.0;
			};
		};
/* End XCRemoteSwiftPackageReference section */

/* Begin XCSwiftPackageProductDependency section */
		DE7038B62CF1DDBC00313533 /* FirebaseAnalytics */ = {
			isa = XCSwiftPackageProductDependency;
			package = DE7038B52CF1DDBC00313533 /* XCRemoteSwiftPackageReference "firebase-ios-sdk" */;
			productName = FirebaseAnalytics;
		};
		DED0C2452CF5C5C70023BB1C /* FirebaseFirestore */ = {
			isa = XCSwiftPackageProductDependency;
			productName = FirebaseFirestore;
		};
		DEF0D2D72CF48B41002FD631 /* FirebaseAuth */ = {
			isa = XCSwiftPackageProductDependency;
			package = DE7038B52CF1DDBC00313533 /* XCRemoteSwiftPackageReference "firebase-ios-sdk" */;
			productName = FirebaseAuth;
		};
/* End XCSwiftPackageProductDependency section */
	};
	rootObject = DE83A31A2CF0DA9900EB06FA /* Project object */;
}
